
Microsoft Visual Studio Solution File, Format Version 12.00
# Visual Studio Version 16
VisualStudioVersion = 16.0.30204.135
MinimumVisualStudioVersion = 10.0.40219.1
Project("{FAE04EC0-301F-11D3-BF4B-00C04F79EFBC}") = "Tyme4Chg", "Tyme4Chg\Tyme4Chg.csproj", "{0C09B4B6-DED3-4D2F-B9DC-A523ACD6A6CE}"
EndProject
Project("{FAE04EC0-301F-11D3-BF4B-00C04F79EFBC}") = "Tyme4Chg_", "Tyme4Chg_\Tyme4Chg_.csproj", "{D94D62B8-A9A1-4317-99CF-5A15B9E7FFF0}"
EndProject
Global
	GlobalSection(SolutionConfigurationPlatforms) = preSolution
		Debug|Any CPU = Debug|Any CPU
		Release|Any CPU = Release|Any CPU
	EndGlobalSection
	GlobalSection(ProjectConfigurationPlatforms) = postSolution
		{0C09B4B6-DED3-4D2F-B9DC-A523ACD6A6CE}.Debug|Any CPU.ActiveCfg = Debug|Any CPU
		{0C09B4B6-DED3-4D2F-B9DC-A523ACD6A6CE}.Debug|Any CPU.Build.0 = Debug|Any CPU
		{0C09B4B6-DED3-4D2F-B9DC-A523ACD6A6CE}.Release|Any CPU.ActiveCfg = Release|Any CPU
		{0C09B4B6-DED3-4D2F-B9DC-A523ACD6A6CE}.Release|Any CPU.Build.0 = Release|Any CPU
		{D94D62B8-A9A1-4317-99CF-5A15B9E7FFF0}.Debug|Any CPU.ActiveCfg = Debug|Any CPU
		{D94D62B8-A9A1-4317-99CF-5A15B9E7FFF0}.Debug|Any CPU.Build.0 = Debug|Any CPU
		{D94D62B8-A9A1-4317-99CF-5A15B9E7FFF0}.Release|Any CPU.ActiveCfg = Release|Any CPU
		{D94D62B8-A9A1-4317-99CF-5A15B9E7FFF0}.Release|Any CPU.Build.0 = Release|Any CPU
	EndGlobalSection
	GlobalSection(SolutionProperties) = preSolution
		HideSolutionNode = FALSE
	EndGlobalSection
	GlobalSection(ExtensibilityGlobals) = postSolution
		SolutionGuid = {9E568C96-226C-4428-955E-B84AD43D9396}
	EndGlobalSection
EndGlobal
